
Microsoft Visual Studio Solution File, Format Version 12.00
# Visual Studio 2013
VisualStudioVersion = 12.0.40629.0
MinimumVisualStudioVersion = 10.0.40219.1
Project("{FAE04EC0-301F-11D3-BF4B-00C04F79EFBC}") = "HMS", "HMS\HMS.csproj", "{554A5A6A-EAF9-4FB6-8210-2C33102A5C63}"
EndProject
Project("{FAE04EC0-301F-11D3-BF4B-00C04F79EFBC}") = "HMS.Entities", "HMS.Entities\HMS.Entities.csproj", "{195D1863-7633-4929-BBEC-5D6200A19DBD}"
EndProject
Project("{FAE04EC0-301F-11D3-BF4B-00C04F79EFBC}") = "HMS.Data", "HMS.Data\HMS.Data.csproj", "{A614B77E-81D1-4017-ACF0-FE3311DBF229}"
EndProject
Project("{FAE04EC0-301F-11D3-BF4B-00C04F79EFBC}") = "HMS.Services", "HBMS.Services\HMS.Services.csproj", "{ED008DC5-1AB6-47AD-BF6D-CF5DA06CBA37}"
EndProject
Global
	GlobalSection(SolutionConfigurationPlatforms) = preSolution
		Debug|Any CPU = Debug|Any CPU
		Release|Any CPU = Release|Any CPU
	EndGlobalSection
	GlobalSection(ProjectConfigurationPlatforms) = postSolution
		{554A5A6A-EAF9-4FB6-8210-2C33102A5C63}.Debug|Any CPU.ActiveCfg = Debug|Any CPU
		{554A5A6A-EAF9-4FB6-8210-2C33102A5C63}.Debug|Any CPU.Build.0 = Debug|Any CPU
		{554A5A6A-EAF9-4FB6-8210-2C33102A5C63}.Release|Any CPU.ActiveCfg = Release|Any CPU
		{554A5A6A-EAF9-4FB6-8210-2C33102A5C63}.Release|Any CPU.Build.0 = Release|Any CPU
		{195D1863-7633-4929-BBEC-5D6200A19DBD}.Debug|Any CPU.ActiveCfg = Debug|Any CPU
		{195D1863-7633-4929-BBEC-5D6200A19DBD}.Debug|Any CPU.Build.0 = Debug|Any CPU
		{195D1863-7633-4929-BBEC-5D6200A19DBD}.Release|Any CPU.ActiveCfg = Release|Any CPU
		{195D1863-7633-4929-BBEC-5D6200A19DBD}.Release|Any CPU.Build.0 = Release|Any CPU
		{A614B77E-81D1-4017-ACF0-FE3311DBF229}.Debug|Any CPU.ActiveCfg = Debug|Any CPU
		{A614B77E-81D1-4017-ACF0-FE3311DBF229}.Debug|Any CPU.Build.0 = Debug|Any CPU
		{A614B77E-81D1-4017-ACF0-FE3311DBF229}.Release|Any CPU.ActiveCfg = Release|Any CPU
		{A614B77E-81D1-4017-ACF0-FE3311DBF229}.Release|Any CPU.Build.0 = Release|Any CPU
		{ED008DC5-1AB6-47AD-BF6D-CF5DA06CBA37}.Debug|Any CPU.ActiveCfg = Debug|Any CPU
		{ED008DC5-1AB6-47AD-BF6D-CF5DA06CBA37}.Debug|Any CPU.Build.0 = Debug|Any CPU
		{ED008DC5-1AB6-47AD-BF6D-CF5DA06CBA37}.Release|Any CPU.ActiveCfg = Release|Any CPU
		{ED008DC5-1AB6-47AD-BF6D-CF5DA06CBA37}.Release|Any CPU.Build.0 = Release|Any CPU
	EndGlobalSection
	GlobalSection(SolutionProperties) = preSolution
		HideSolutionNode = FALSE
	EndGlobalSection
EndGlobal
